<?xml version="1.0" encoding="utf-8"?>
<Project ToolsVersion="4.0" xmlns="http://schemas.microsoft.com/developer/msbuild/2003">
  <ItemGroup>
    <Filter Include="Source Files">
      <UniqueIdentifier>{4FC737F1-C7A5-4376-A066-2A32D752A2FF}</UniqueIdentifier>
      <Extensions>cpp;c;cc;cxx;c++;cppm;ixx;def;odl;idl;hpj;bat;asm;asmx</Extensions>
    </Filter>
    <Filter Include="Header Files">
      <UniqueIdentifier>{93995380-89BD-4b04-88EB-625FBE52EBFB}</UniqueIdentifier>
      <Extensions>h;hh;hpp;hxx;h++;hm;inl;inc;ipp;xsd</Extensions>
    </Filter>
    <Filter Include="GLAD">
      <UniqueIdentifier>{e4a04165-6431-4e08-8306-dc6b7f92b0ed}</UniqueIdentifier>
    </Filter>
    <Filter Include="GLFW">
      <UniqueIdentifier>{d0898ae5-cd9b-46c8-96dc-a9d11030e042}</UniqueIdentifier>
    </Filter>
    <Filter Include="Shaders">
      <UniqueIdentifier>{ca25d970-72b9-4c3b-8c11-bc2dd40a53a3}</UniqueIdentifier>
    </Filter>
  </ItemGroup>
  <ItemGroup>
    <ClCompile Include="Main.cpp">
      <Filter>Source Files</Filter>
    </ClCompile>
    <ClCompile Include="..\..\..\..\..\..\VS ext Libraries\glad\src\glad.c">
      <Filter>GLAD</Filter>
    </ClCompile>
    <ClCompile Include="Shader.cpp">
      <Filter>Source Files</Filter>
    </ClCompile>
    <ClCompile Include="Player.cpp">
      <Filter>Source Files</Filter>
    </ClCompile>
    <ClCompile Include="Enemy.cpp">
      <Filter>Source Files</Filter>
    </ClCompile>
    <ClCompile Include="Crosshair.cpp">
      <Filter>Source Files</Filter>
    </ClCompile>
    <ClCompile Include="BulletTracer.cpp">
      <Filter>Source Files</Filter>
    </ClCompile>
    <ClCompile Include="ReloadUI.cpp">
      <Filter>Source Files</Filter>
    </ClCompile>
    <ClCompile Include="Game.cpp">
      <Filter>Source Files</Filter>
    </ClCompile>
    <ClCompile Include="Mesh.cpp">
      <Filter>Source Files</Filter>
    </ClCompile>
    <ClCompile Include="Model.cpp">
      <Filter>Source Files</Filter>
    </ClCompile>
    <ClCompile Include="Texture.cpp">
      <Filter>Source Files</Filter>
    </ClCompile>
    <ClCompile Include="stb_image.cpp">
      <Filter>Source Files</Filter>
    </ClCompile>
    <ClCompile Include="Compass.cpp">
      <Filter>Source Files</Filter>
    </ClCompile>
    <ClCompile Include="TextRenderer.cpp">
      <Filter>Source Files</Filter>
    </ClCompile>
    <ClCompile Include="UIManager.cpp">
      <Filter>Source Files</Filter>
    </ClCompile>
    <ClCompile Include="Renderer.cpp">
      <Filter>Source Files</Filter>
    </ClCompile>
  </ItemGroup>
  <ItemGroup>
    <ClInclude Include="..\..\..\..\..\..\VS ext Libraries\glfw-3.4.bin.WIN64\glfw-3.4.bin.WIN64\include\GLFW\glfw3.h">
      <Filter>GLFW</Filter>
    </ClInclude>
    <ClInclude Include="..\..\..\..\..\..\VS ext Libraries\glfw-3.4.bin.WIN64\glfw-3.4.bin.WIN64\include\GLFW\glfw3native.h">
      <Filter>GLFW</Filter>
    </ClInclude>
    <ClInclude Include="..\..\..\..\..\..\VS ext Libraries\glad\include\glad\glad.h">
      <Filter>GLAD</Filter>
    </ClInclude>
    <ClInclude Include="..\..\..\..\..\..\VS ext Libraries\glad\include\KHR\khrplatform.h">
      <Filter>GLAD</Filter>
    </ClInclude>
    <ClInclude Include="Shader.h">
      <Filter>Header Files</Filter>
    </ClInclude>
    <ClInclude Include="Player.h">
      <Filter>Header Files</Filter>
    </ClInclude>
    <ClInclude Include="Enemy.h">
      <Filter>Header Files</Filter>
    </ClInclude>
    <ClInclude Include="Crosshair.h">
      <Filter>Header Files</Filter>
    </ClInclude>
    <ClInclude Include="BulletTracer.h">
      <Filter>Header Files</Filter>
    </ClInclude>
    <ClInclude Include="ReloadUI.h">
      <Filter>Header Files</Filter>
    </ClInclude>
    <ClInclude Include="Game.h">
      <Filter>Header Files</Filter>
    </ClInclude>
    <ClInclude Include="Mesh.h">
      <Filter>Header Files</Filter>
    </ClInclude>
    <ClInclude Include="Model.h">
      <Filter>Header Files</Filter>
    </ClInclude>
    <ClInclude Include="Texture.h">
      <Filter>Header Files</Filter>
    </ClInclude>
    <ClInclude Include="stb_image.h">
      <Filter>Header Files</Filter>
    </ClInclude>
    <ClInclude Include="Compass.h">
      <Filter>Header Files</Filter>
    </ClInclude>
    <ClInclude Include="TextRenderer.h">
      <Filter>Header Files</Filter>
    </ClInclude>
    <ClInclude Include="UIManager.h">
      <Filter>Header Files</Filter>
    </ClInclude>
    <ClInclude Include="Renderer.h">
      <Filter>Header Files</Filter>
    </ClInclude>
  </ItemGroup>
  <ItemGroup>
    <None Include="vertexShader.glsl">
      <Filter>Shaders</Filter>
    </None>
    <None Include="fragmentShader.glsl">
      <Filter>Shaders</Filter>
    </None>
    <None Include="crosshairVertex.glsl">
      <Filter>Shaders</Filter>
    </None>
    <None Include="crosshairFragment.glsl">
      <Filter>Shaders</Filter>
    </None>
    <None Include="textVertex.glsl">
      <Filter>Shaders</Filter>
    </None>
    <None Include="textFragment.glsl">
      <Filter>Shaders</Filter>
    </None>
  </ItemGroup>
</Project>